
Microsoft Visual Studio Solution File, Format Version 12.00
# Visual Studio Version 16
VisualStudioVersion = 16.0.30406.217
MinimumVisualStudioVersion = 10.0.40219.1
Project("{FAE04EC0-301F-11D3-BF4B-00C04F79EFBC}") = "VTOLVR-Translation-tool", "VTOLVR-Translation-tool.csproj", "{6DF92635-FF67-4500-81FF-A75C796045CE}"
EndProject
Global
	GlobalSection(SolutionConfigurationPlatforms) = preSolution
		Debug|Any CPU = Debug|Any CPU
		Release|Any CPU = Release|Any CPU
	EndGlobalSection
	GlobalSection(ProjectConfigurationPlatforms) = postSolution
		{6DF92635-FF67-4500-81FF-A75C796045CE}.Debug|Any CPU.ActiveCfg = Debug|Any CPU
		{6DF92635-FF67-4500-81FF-A75C796045CE}.Debug|Any CPU.Build.0 = Debug|Any CPU
		{6DF92635-FF67-4500-81FF-A75C796045CE}.Release|Any CPU.ActiveCfg = Release|Any CPU
		{6DF92635-FF67-4500-81FF-A75C796045CE}.Release|Any CPU.Build.0 = Release|Any CPU
	EndGlobalSection
	GlobalSection(SolutionProperties) = preSolution
		HideSolutionNode = FALSE
	EndGlobalSection
	GlobalSection(ExtensibilityGlobals) = postSolution
		SolutionGuid = {CB06820B-2233-42B9-8AA1-73C07EE3328D}
	EndGlobalSection
EndGlobal
